
Microsoft Visual Studio Solution File, Format Version 12.00
# Visual Studio Version 17
VisualStudioVersion = 17.11.35222.181
MinimumVisualStudioVersion = 10.0.40219.1
Project("{FAE04EC0-301F-11D3-BF4B-00C04F79EFBC}") = "BetterWealthManagement", "BetterWealthManagement.csproj", "{44263158-7BFE-4431-BFE2-1329306F8D7E}"
EndProject
Global
	GlobalSection(SolutionConfigurationPlatforms) = preSolution
		Debug|Any CPU = Debug|Any CPU
		Release|Any CPU = Release|Any CPU
	EndGlobalSection
	GlobalSection(ProjectConfigurationPlatforms) = postSolution
		{44263158-7BFE-4431-BFE2-1329306F8D7E}.Debug|Any CPU.ActiveCfg = Debug|Any CPU
		{44263158-7BFE-4431-BFE2-1329306F8D7E}.Debug|Any CPU.Build.0 = Debug|Any CPU
		{44263158-7BFE-4431-BFE2-1329306F8D7E}.Release|Any CPU.ActiveCfg = Release|Any CPU
		{44263158-7BFE-4431-BFE2-1329306F8D7E}.Release|Any CPU.Build.0 = Release|Any CPU
	EndGlobalSection
	GlobalSection(SolutionProperties) = preSolution
		HideSolutionNode = FALSE
	EndGlobalSection
	GlobalSection(ExtensibilityGlobals) = postSolution
		SolutionGuid = {8BA5A4B6-48A3-4737-9EA4-A25CA32CD54A}
	EndGlobalSection
EndGlobal
